
Microsoft Visual Studio Solution File, Format Version 12.00
# Visual Studio Version 17
VisualStudioVersion = 17.0.31903.59
MinimumVisualStudioVersion = 10.0.40219.1
Project("{9A19103F-16F7-4668-BE54-9A1E7A4F7556}") = "Todos.Mvc", "Todos.Mvc\Todos.Mvc.csproj", "{D846A9F9-2BA9-46E0-8F47-13D3956E9085}"
EndProject
Project("{9A19103F-16F7-4668-BE54-9A1E7A4F7556}") = "Todos.Application", "Todos.Application\Todos.Application.csproj", "{BB234178-B2E2-4690-95F3-D08EB5BD4D0B}"
EndProject
Project("{9A19103F-16F7-4668-BE54-9A1E7A4F7556}") = "Todos.Core", "Todos.Core\Todos.Core.csproj", "{0651793B-D6E3-4BB6-8E3A-B2A1DC141223}"
EndProject
Project("{9A19103F-16F7-4668-BE54-9A1E7A4F7556}") = "Todos.Infrastructure", "Todos.Infrastructure\Todos.Infrastructure.csproj", "{CC204182-F3B8-439F-930D-C3608DF093D3}"
EndProject
Project("{2150E333-8FDC-42A3-9474-1A3956D46DE8}") = "Éléments de solution", "Éléments de solution", "{A5DAA9CD-98BC-4E33-ABDC-C31A9D6D6CCC}"
	ProjectSection(SolutionItems) = preProject
		.editorconfig = .editorconfig
	EndProjectSection
EndProject
Project("{FAE04EC0-301F-11D3-BF4B-00C04F79EFBC}") = "Todos.Tests", "Todos.Tests\Todos.Tests.csproj", "{F329F51A-221D-4EC2-BDAD-E9B9C37F1553}"
EndProject
Project("{FAE04EC0-301F-11D3-BF4B-00C04F79EFBC}") = "Todos.WebAssembly", "Todos.WebAssembly\Todos.WebAssembly.csproj", "{A26EBC9B-1BCA-4DE1-BE80-C1733A82A673}"
EndProject
Global
	GlobalSection(SolutionConfigurationPlatforms) = preSolution
		Debug|Any CPU = Debug|Any CPU
		Release|Any CPU = Release|Any CPU
	EndGlobalSection
	GlobalSection(ProjectConfigurationPlatforms) = postSolution
		{D846A9F9-2BA9-46E0-8F47-13D3956E9085}.Debug|Any CPU.ActiveCfg = Debug|Any CPU
		{D846A9F9-2BA9-46E0-8F47-13D3956E9085}.Debug|Any CPU.Build.0 = Debug|Any CPU
		{D846A9F9-2BA9-46E0-8F47-13D3956E9085}.Release|Any CPU.ActiveCfg = Release|Any CPU
		{D846A9F9-2BA9-46E0-8F47-13D3956E9085}.Release|Any CPU.Build.0 = Release|Any CPU
		{BB234178-B2E2-4690-95F3-D08EB5BD4D0B}.Debug|Any CPU.ActiveCfg = Debug|Any CPU
		{BB234178-B2E2-4690-95F3-D08EB5BD4D0B}.Debug|Any CPU.Build.0 = Debug|Any CPU
		{BB234178-B2E2-4690-95F3-D08EB5BD4D0B}.Release|Any CPU.ActiveCfg = Release|Any CPU
		{BB234178-B2E2-4690-95F3-D08EB5BD4D0B}.Release|Any CPU.Build.0 = Release|Any CPU
		{0651793B-D6E3-4BB6-8E3A-B2A1DC141223}.Debug|Any CPU.ActiveCfg = Debug|Any CPU
		{0651793B-D6E3-4BB6-8E3A-B2A1DC141223}.Debug|Any CPU.Build.0 = Debug|Any CPU
		{0651793B-D6E3-4BB6-8E3A-B2A1DC141223}.Release|Any CPU.ActiveCfg = Release|Any CPU
		{0651793B-D6E3-4BB6-8E3A-B2A1DC141223}.Release|Any CPU.Build.0 = Release|Any CPU
		{CC204182-F3B8-439F-930D-C3608DF093D3}.Debug|Any CPU.ActiveCfg = Debug|Any CPU
		{CC204182-F3B8-439F-930D-C3608DF093D3}.Debug|Any CPU.Build.0 = Debug|Any CPU
		{CC204182-F3B8-439F-930D-C3608DF093D3}.Release|Any CPU.ActiveCfg = Release|Any CPU
		{CC204182-F3B8-439F-930D-C3608DF093D3}.Release|Any CPU.Build.0 = Release|Any CPU
		{F329F51A-221D-4EC2-BDAD-E9B9C37F1553}.Debug|Any CPU.ActiveCfg = Debug|Any CPU
		{F329F51A-221D-4EC2-BDAD-E9B9C37F1553}.Debug|Any CPU.Build.0 = Debug|Any CPU
		{F329F51A-221D-4EC2-BDAD-E9B9C37F1553}.Release|Any CPU.ActiveCfg = Release|Any CPU
		{F329F51A-221D-4EC2-BDAD-E9B9C37F1553}.Release|Any CPU.Build.0 = Release|Any CPU
		{A26EBC9B-1BCA-4DE1-BE80-C1733A82A673}.Debug|Any CPU.ActiveCfg = Debug|Any CPU
		{A26EBC9B-1BCA-4DE1-BE80-C1733A82A673}.Debug|Any CPU.Build.0 = Debug|Any CPU
		{A26EBC9B-1BCA-4DE1-BE80-C1733A82A673}.Release|Any CPU.ActiveCfg = Release|Any CPU
		{A26EBC9B-1BCA-4DE1-BE80-C1733A82A673}.Release|Any CPU.Build.0 = Release|Any CPU
	EndGlobalSection
	GlobalSection(SolutionProperties) = preSolution
		HideSolutionNode = FALSE
	EndGlobalSection
EndGlobal
